{
  "name": "koa-app",
  "version": "1.0.0",
  "lockfileVersion": 1,
  "requires": true,
  "dependencies": {
    "@alicloud/dybaseapi": {
      "version": "1.0.0",
      "resolved": "http://registry.npm.taobao.org/@alicloud/dybaseapi/download/@alicloud/dybaseapi-1.0.0.tgz",
      "requires": {
        "@alicloud/pop-core": "^1.3.3"
      }
    },
    "@alicloud/dysmsapi-2017-05-25": {
      "version": "1.0.1",
      "resolved": "http://registry.npm.taobao.org/@alicloud/dysmsapi-2017-05-25/download/@alicloud/dysmsapi-2017-05-25-1.0.1.tgz",
      "requires": {
        "@alicloud/pop-core": "^1.5.1"
      }
    },
    "@alicloud/mns": {
      "version": "1.0.0",
      "resolved": "http://registry.npm.taobao.org/@alicloud/mns/download/@alicloud/mns-1.0.0.tgz",
      "requires": {
        "debug": "^2.6.3",
        "httpx": "^2.1.1",
        "kitx": "^1.2.0",
        "xml2js": "^0.4.17"
      },
      "dependencies": {
        "debug": {
          "version": "2.6.9",
          "bundled": true,
          "requires": {
            "ms": "2.0.0"
          },
          "dependencies": {
            "ms": {
              "version": "2.0.0",
              "bundled": true
            }
          }
        }
      }
    },
    "@alicloud/pop-core": {
      "version": "1.7.4",
      "resolved": "http://registry.npm.taobao.org/@alicloud/pop-core/download/@alicloud/pop-core-1.7.4.tgz",
      "requires": {
        "debug": "^3.1.0",
        "httpx": "^2.1.2",
        "json-bigint": "^0.2.3",
        "kitx": "^1.2.1",
        "xml2js": "^0.4.17"
      }
    },
    "@alicloud/sms-sdk": {
      "version": "1.1.6",
      "resolved": "http://registry.npm.taobao.org/@alicloud/sms-sdk/download/@alicloud/sms-sdk-1.1.6.tgz",
      "requires": {
        "@alicloud/dybaseapi": "^1.0.0",
        "@alicloud/dysmsapi-2017-05-25": "^1.0.1",
        "@alicloud/mns": "^1.0.0-beta6",
        "babel-runtime": "^6.26.0"
      }
    },
    "accepts": {
      "version": "1.3.5",
      "resolved": "http://registry.npm.taobao.org/accepts/download/accepts-1.3.5.tgz",
      "integrity": "sha1-63d99gEXI6OxTopywIBcjoZ0a9I=",
      "requires": {
        "mime-types": "~2.1.18",
        "negotiator": "0.6.1"
      }
    },
    "any-promise": {
      "version": "1.3.0",
      "resolved": "http://registry.npm.taobao.org/any-promise/download/any-promise-1.3.0.tgz"
    },
    "async": {
      "version": "2.6.1",
      "resolved": "http://registry.npm.taobao.org/async/download/async-2.6.1.tgz",
      "integrity": "sha1-skWiPKcZMAROxT+kaqAKPofGphA=",
      "requires": {
        "lodash": "^4.17.10"
      }
    },
    "babel-runtime": {
      "version": "6.26.0",
      "resolved": "http://registry.npm.taobao.org/babel-runtime/download/babel-runtime-6.26.0.tgz",
      "requires": {
        "core-js": "^2.4.0",
        "regenerator-runtime": "^0.11.0"
      }
    },
    "bcryptjs": {
      "version": "2.4.3",
      "resolved": "http://registry.npm.taobao.org/bcryptjs/download/bcryptjs-2.4.3.tgz"
    },
    "big-number": {
      "version": "0.3.1",
      "resolved": "http://registry.npm.taobao.org/big-number/download/big-number-0.3.1.tgz"
    },
    "bignumber.js": {
      "version": "4.1.0",
      "resolved": "http://registry.npm.taobao.org/bignumber.js/download/bignumber.js-4.1.0.tgz",
      "integrity": "sha1-228UBnwUC9RmJIFaeRbJLZtsJLE="
    },
    "bl": {
      "version": "1.2.2",
      "resolved": "http://registry.npm.taobao.org/bl/download/bl-1.2.2.tgz",
      "requires": {
        "readable-stream": "^2.3.5",
        "safe-buffer": "^5.1.1"
      }
    },
    "bluebird": {
      "version": "3.5.1",
      "resolved": "http://registry.npm.taobao.org/bluebird/download/bluebird-3.5.1.tgz"
    },
    "bson": {
      "version": "1.1.0",
      "resolved": "http://registry.npm.taobao.org/bson/download/bson-1.1.0.tgz"
    },
    "buffer-equal-constant-time": {
      "version": "1.0.1",
      "resolved": "http://registry.npm.taobao.org/buffer-equal-constant-time/download/buffer-equal-constant-time-1.0.1.tgz"
    },
    "bytes": {
      "version": "3.0.0",
      "resolved": "http://registry.npm.taobao.org/bytes/download/bytes-3.0.0.tgz",
      "integrity": "sha1-0ygVQE1olpn4Wk6k+odV3ROpYEg="
    },
    "cache-content-type": {
      "version": "1.0.1",
      "resolved": "http://registry.npm.taobao.org/cache-content-type/download/cache-content-type-1.0.1.tgz",
      "requires": {
        "mime-types": "^2.1.18",
        "ylru": "^1.2.0"
      }
    },
    "charenc": {
      "version": "0.0.2",
      "resolved": "http://registry.npm.taobao.org/charenc/download/charenc-0.0.2.tgz"
    },
    "co": {
      "version": "4.6.0",
      "resolved": "http://registry.npm.taobao.org/co/download/co-4.6.0.tgz",
      "integrity": "sha1-bqa989hTrlTMuOR7+gvz+QMfsYQ="
    },
    "co-body": {
      "version": "6.0.0",
      "resolved": "http://registry.npm.taobao.org/co-body/download/co-body-6.0.0.tgz",
      "integrity": "sha1-lluTN9f1ZVSAeHRx9CN2ZIIIJ+M=",
      "requires": {
        "inflation": "^2.0.0",
        "qs": "^6.5.2",
        "raw-body": "^2.3.3",
        "type-is": "^1.6.16"
      }
    },
    "content-disposition": {
      "version": "0.5.2",
      "resolved": "http://registry.npm.taobao.org/content-disposition/download/content-disposition-0.5.2.tgz",
      "integrity": "sha1-DPaLud318r55YcOoUXjLhdunjLQ="
    },
    "content-type": {
      "version": "1.0.4",
      "resolved": "http://registry.npm.taobao.org/content-type/download/content-type-1.0.4.tgz",
      "integrity": "sha1-4TjMdeBAxyexlm/l5fjJruJW/js="
    },
    "cookies": {
      "version": "0.7.3",
      "resolved": "http://registry.npm.taobao.org/cookies/download/cookies-0.7.3.tgz",
      "integrity": "sha1-eRLOIfvy6MLacM8cPzUa7PWdrfo=",
      "requires": {
        "depd": "~1.1.2",
        "keygrip": "~1.0.3"
      }
    },
    "copy-to": {
      "version": "2.0.1",
      "resolved": "http://registry.npm.taobao.org/copy-to/download/copy-to-2.0.1.tgz",
      "integrity": "sha1-JoD7uAaKSNCGVrYJgJK9r8kG9KU="
    },
    "core-js": {
      "version": "2.6.1",
      "resolved": "http://registry.npm.taobao.org/core-js/download/core-js-2.6.1.tgz",
      "integrity": "sha1-h0Fq6BfelXo/JJs7XKR11KrtYEI="
    },
    "core-util-is": {
      "version": "1.0.2",
      "resolved": "http://registry.npm.taobao.org/core-util-is/download/core-util-is-1.0.2.tgz",
      "integrity": "sha1-tf1UIgqivFq1eqtxQMlAdUUDwac="
    },
    "crypt": {
      "version": "0.0.2",
      "resolved": "http://registry.npm.taobao.org/crypt/download/crypt-0.0.2.tgz"
    },
    "debug": {
      "version": "3.1.0",
      "resolved": "http://registry.npm.taobao.org/debug/download/debug-3.1.0.tgz",
      "integrity": "sha1-W7WgZyYotkFJVmuhaBnmFRjGcmE=",
      "requires": {
        "ms": "2.0.0"
      }
    },
    "deep-equal": {
      "version": "1.0.1",
      "resolved": "http://registry.npm.taobao.org/deep-equal/download/deep-equal-1.0.1.tgz",
      "integrity": "sha1-9dJgKStmDghO/0zbyfCK0yR0SLU="
    },
    "delegates": {
      "version": "1.0.0",
      "resolved": "http://registry.npm.taobao.org/delegates/download/delegates-1.0.0.tgz"
    },
    "depd": {
      "version": "1.1.2",
      "resolved": "http://registry.npm.taobao.org/depd/download/depd-1.1.2.tgz",
      "integrity": "sha1-m81S4UwJd2PnSbJ0xDRu0uVgtak="
    },
    "destroy": {
      "version": "1.0.4",
      "resolved": "http://registry.npm.taobao.org/destroy/download/destroy-1.0.4.tgz"
    },
    "ecdsa-sig-formatter": {
      "version": "1.0.10",
      "resolved": "http://registry.npm.taobao.org/ecdsa-sig-formatter/download/ecdsa-sig-formatter-1.0.10.tgz",
      "requires": {
        "safe-buffer": "^5.0.1"
      }
    },
    "ee-first": {
      "version": "1.1.1",
      "resolved": "http://registry.npm.taobao.org/ee-first/download/ee-first-1.1.1.tgz"
    },
    "error-inject": {
      "version": "1.0.0",
      "resolved": "http://registry.npm.taobao.org/error-inject/download/error-inject-1.0.0.tgz"
    },
    "escape-html": {
      "version": "1.0.3",
      "resolved": "http://registry.npm.taobao.org/escape-html/download/escape-html-1.0.3.tgz",
      "integrity": "sha1-Aljq5NPQwJdN4cFpGI7wBR0dGYg="
    },
    "fresh": {
      "version": "0.5.2",
      "resolved": "http://registry.npm.taobao.org/fresh/download/fresh-0.5.2.tgz"
    },
    "generic-pool": {
      "version": "3.4.2",
      "resolved": "http://registry.npm.taobao.org/generic-pool/download/generic-pool-3.4.2.tgz"
    },
    "http-assert": {
      "version": "1.4.0",
      "resolved": "http://registry.npm.taobao.org/http-assert/download/http-assert-1.4.0.tgz",
      "requires": {
        "deep-equal": "~1.0.1",
        "http-errors": "~1.7.1"
      }
    },
    "http-errors": {
      "version": "1.7.1",
      "resolved": "http://registry.npm.taobao.org/http-errors/download/http-errors-1.7.1.tgz",
      "requires": {
        "depd": "~1.1.2",
        "inherits": "2.0.3",
        "setprototypeof": "1.1.0",
        "statuses": ">= 1.5.0 < 2",
        "toidentifier": "1.0.0"
      }
    },
    "httpx": {
      "version": "2.1.4",
      "resolved": "http://registry.npm.taobao.org/httpx/download/httpx-2.1.4.tgz",
      "integrity": "sha1-t/vS6+wRZ4r721P/ZetuZs9NRcw=",
      "requires": {
        "debug": "^2.2.0"
      },
      "dependencies": {
        "debug": {
          "version": "2.6.9",
          "resolved": "http://registry.npm.taobao.org/debug/download/debug-2.6.9.tgz",
          "integrity": "sha1-XRKFFd8TT/Mn6QpMk/Tgd6U2NB8=",
          "requires": {
            "ms": "2.0.0"
          }
        }
      }
    },
    "iconv-lite": {
      "version": "0.4.23",
      "resolved": "http://registry.npm.taobao.org/iconv-lite/download/iconv-lite-0.4.23.tgz",
      "integrity": "sha1-KXhx9jvlB63Pv8pxXQzQ7thOmmM=",
      "requires": {
        "safer-buffer": ">= 2.1.2 < 3"
      }
    },
    "inflation": {
      "version": "2.0.0",
      "resolved": "http://registry.npm.taobao.org/inflation/download/inflation-2.0.0.tgz"
    },
    "inherits": {
      "version": "2.0.3",
      "resolved": "http://registry.npm.taobao.org/inherits/download/inherits-2.0.3.tgz"
    },
    "is-buffer": {
      "version": "1.1.6",
      "resolved": "http://registry.npm.taobao.org/is-buffer/download/is-buffer-1.1.6.tgz"
    },
    "is-generator-function": {
      "version": "1.0.7",
      "resolved": "http://registry.npm.taobao.org/is-generator-function/download/is-generator-function-1.0.7.tgz"
    },
    "isarray": {
      "version": "0.0.1",
      "resolved": "http://registry.npm.taobao.org/isarray/download/isarray-0.0.1.tgz",
      "integrity": "sha1-ihis/Kmo9Bd+Cav8YDiTmwXR7t8="
    },
    "json-bigint": {
      "version": "0.2.3",
      "resolved": "http://registry.npm.taobao.org/json-bigint/download/json-bigint-0.2.3.tgz",
      "requires": {
        "bignumber.js": "^4.0.0"
      }
    },
    "jsonwebtoken": {
      "version": "8.4.0",
      "resolved": "http://registry.npm.taobao.org/jsonwebtoken/download/jsonwebtoken-8.4.0.tgz",
      "requires": {
        "jws": "^3.1.5",
        "lodash.includes": "^4.3.0",
        "lodash.isboolean": "^3.0.3",
        "lodash.isinteger": "^4.0.4",
        "lodash.isnumber": "^3.0.3",
        "lodash.isplainobject": "^4.0.6",
        "lodash.isstring": "^4.0.1",
        "lodash.once": "^4.0.0",
        "ms": "^2.1.1"
      },
      "dependencies": {
        "ms": {
          "version": "2.1.1",
          "resolved": "http://registry.npm.taobao.org/ms/download/ms-2.1.1.tgz"
        }
      }
    },
    "jwa": {
      "version": "1.1.6",
      "resolved": "http://registry.npm.taobao.org/jwa/download/jwa-1.1.6.tgz",
      "integrity": "sha1-hyQOdsmAjb3hh4PPImTvSSnuUOY=",
      "requires": {
        "buffer-equal-constant-time": "1.0.1",
        "ecdsa-sig-formatter": "1.0.10",
        "safe-buffer": "^5.0.1"
      }
    },
    "jws": {
      "version": "3.1.5",
      "resolved": "http://registry.npm.taobao.org/jws/download/jws-3.1.5.tgz",
      "requires": {
        "jwa": "^1.1.5",
        "safe-buffer": "^5.0.1"
      }
    },
    "kareem": {
      "version": "2.3.0",
      "resolved": "http://registry.npm.taobao.org/kareem/download/kareem-2.3.0.tgz"
    },
    "keygrip": {
      "version": "1.0.3",
      "resolved": "http://registry.npm.taobao.org/keygrip/download/keygrip-1.0.3.tgz",
      "integrity": "sha1-OZ1wnwrtK6sKBZ4M3TpQI6BT4dw="
    },
    "kitx": {
      "version": "1.3.0",
      "resolved": "http://registry.npm.taobao.org/kitx/download/kitx-1.3.0.tgz",
      "integrity": "sha1-qz7nxZjSsdYp/VVWj4aMREDCAOo="
    },
    "koa": {
      "version": "2.6.2",
      "resolved": "http://registry.npm.taobao.org/koa/download/koa-2.6.2.tgz",
      "requires": {
        "accepts": "^1.3.5",
        "cache-content-type": "^1.0.0",
        "content-disposition": "~0.5.2",
        "content-type": "^1.0.4",
        "cookies": "~0.7.1",
        "debug": "~3.1.0",
        "delegates": "^1.0.0",
        "depd": "^1.1.2",
        "destroy": "^1.0.4",
        "error-inject": "^1.0.0",
        "escape-html": "^1.0.3",
        "fresh": "~0.5.2",
        "http-assert": "^1.3.0",
        "http-errors": "^1.6.3",
        "is-generator-function": "^1.0.7",
        "koa-compose": "^4.1.0",
        "koa-convert": "^1.2.0",
        "koa-is-json": "^1.0.0",
        "on-finished": "^2.3.0",
        "only": "~0.0.2",
        "parseurl": "^1.3.2",
        "statuses": "^1.5.0",
        "type-is": "^1.6.16",
        "vary": "^1.1.2"
      }
    },
    "koa-bodyparser": {
      "version": "4.2.1",
      "resolved": "http://registry.npm.taobao.org/koa-bodyparser/download/koa-bodyparser-4.2.1.tgz",
      "integrity": "sha1-TX2stebbEQZkm1ldnlzLFYtvOyk=",
      "requires": {
        "co-body": "^6.0.0",
        "copy-to": "^2.0.1"
      }
    },
    "koa-compose": {
      "version": "4.1.0",
      "resolved": "http://registry.npm.taobao.org/koa-compose/download/koa-compose-4.1.0.tgz"
    },
    "koa-convert": {
      "version": "1.2.0",
      "resolved": "http://registry.npm.taobao.org/koa-convert/download/koa-convert-1.2.0.tgz",
      "integrity": "sha1-2kCHXfSd4FOQmNFwC1CCDOvNIdA=",
      "requires": {
        "co": "^4.6.0",
        "koa-compose": "^3.0.0"
      },
      "dependencies": {
        "koa-compose": {
          "version": "3.2.1",
          "resolved": "http://registry.npm.taobao.org/koa-compose/download/koa-compose-3.2.1.tgz",
          "integrity": "sha1-qFzLQLfZhtjlo0Wzoazo6rz1Tec=",
          "requires": {
            "any-promise": "^1.1.0"
          }
        }
      }
    },
    "koa-is-json": {
      "version": "1.0.0",
      "resolved": "http://registry.npm.taobao.org/koa-is-json/download/koa-is-json-1.0.0.tgz"
    },
    "koa-passport": {
      "version": "4.1.1",
      "resolved": "http://registry.npm.taobao.org/koa-passport/download/koa-passport-4.1.1.tgz",
      "integrity": "sha1-StH1KWyTMkSnolkbYMckxfi/hCo=",
      "requires": {
        "passport": "^0.4.0"
      }
    },
    "koa-router": {
      "version": "7.4.0",
      "resolved": "http://registry.npm.taobao.org/koa-router/download/koa-router-7.4.0.tgz",
      "requires": {
        "debug": "^3.1.0",
        "http-errors": "^1.3.1",
        "koa-compose": "^3.0.0",
        "methods": "^1.0.1",
        "path-to-regexp": "^1.1.1",
        "urijs": "^1.19.0"
      },
      "dependencies": {
        "koa-compose": {
          "version": "3.2.1",
          "resolved": "http://registry.npm.taobao.org/koa-compose/download/koa-compose-3.2.1.tgz",
          "requires": {
            "any-promise": "^1.1.0"
          },
          "dependencies": {
            "any-promise": {
              "version": "1.3.0",
              "bundled": true
            }
          }
        }
      }
    },
    "koa-send": {
      "version": "5.0.0",
      "resolved": "http://registry.npm.taobao.org/koa-send/download/koa-send-5.0.0.tgz",
      "integrity": "sha1-XoRB4H71VzdzTXztJbhC5QZG5+s=",
      "requires": {
        "debug": "^3.1.0",
        "http-errors": "^1.6.3",
        "mz": "^2.7.0",
        "resolve-path": "^1.4.0"
      }
    },
    "koa-static": {
      "version": "5.0.0",
      "resolved": "http://registry.npm.taobao.org/koa-static/download/koa-static-5.0.0.tgz",
      "requires": {
        "debug": "^3.1.0",
        "koa-send": "^5.0.0"
      }
    },
    "koa2-cors": {
      "version": "2.0.6",
      "resolved": "http://registry.npm.taobao.org/koa2-cors/download/koa2-cors-2.0.6.tgz",
      "integrity": "sha1-mtI986C5u4RTC0b1lE8/tXYIZVQ="
    },
    "lodash": {
      "version": "4.17.11",
      "resolved": "http://registry.npm.taobao.org/lodash/download/lodash-4.17.11.tgz",
      "integrity": "sha1-s56mIp72B+zYniyN8SU2iRysm40="
    },
    "lodash.get": {
      "version": "4.4.2",
      "resolved": "http://registry.npm.taobao.org/lodash.get/download/lodash.get-4.4.2.tgz",
      "integrity": "sha1-LRd/ZS+jHpObRDjVNBSZ36OCXpk="
    },
    "lodash.includes": {
      "version": "4.3.0",
      "resolved": "http://registry.npm.taobao.org/lodash.includes/download/lodash.includes-4.3.0.tgz"
    },
    "lodash.isboolean": {
      "version": "3.0.3",
      "resolved": "http://registry.npm.taobao.org/lodash.isboolean/download/lodash.isboolean-3.0.3.tgz"
    },
    "lodash.isinteger": {
      "version": "4.0.4",
      "resolved": "http://registry.npm.taobao.org/lodash.isinteger/download/lodash.isinteger-4.0.4.tgz"
    },
    "lodash.isnumber": {
      "version": "3.0.3",
      "resolved": "http://registry.npm.taobao.org/lodash.isnumber/download/lodash.isnumber-3.0.3.tgz",
      "integrity": "sha1-POdoEMWSjQM1IwGsKHMX8RwLH/w="
    },
    "lodash.isplainobject": {
      "version": "4.0.6",
      "resolved": "http://registry.npm.taobao.org/lodash.isplainobject/download/lodash.isplainobject-4.0.6.tgz",
      "integrity": "sha1-fFJqUtibRcRcxpC4gWO+BJf1UMs="
    },
    "lodash.isstring": {
      "version": "4.0.1",
      "resolved": "http://registry.npm.taobao.org/lodash.isstring/download/lodash.isstring-4.0.1.tgz",
      "integrity": "sha1-1SfftUVuynzJu5XV2ur4i6VKVFE="
    },
    "lodash.once": {
      "version": "4.1.1",
      "resolved": "http://registry.npm.taobao.org/lodash.once/download/lodash.once-4.1.1.tgz"
    },
    "md5": {
      "version": "2.2.1",
      "resolved": "http://registry.npm.taobao.org/md5/download/md5-2.2.1.tgz",
      "integrity": "sha1-U6s41f48iJG6RlMp6iP6wFQBJvk=",
      "requires": {
        "charenc": "~0.0.1",
        "crypt": "~0.0.1",
        "is-buffer": "~1.1.1"
      }
    },
    "media-typer": {
      "version": "0.3.0",
      "resolved": "http://registry.npm.taobao.org/media-typer/download/media-typer-0.3.0.tgz"
    },
    "memory-pager": {
      "version": "1.3.1",
      "resolved": "http://registry.npm.taobao.org/memory-pager/download/memory-pager-1.3.1.tgz",
      "integrity": "sha1-EVPS9eFXpAekNr9UzPQTkDdRWGY=",
      "optional": true
    },
    "methods": {
      "version": "1.1.2",
      "resolved": "http://registry.npm.taobao.org/methods/download/methods-1.1.2.tgz"
    },
    "mime-db": {
      "version": "1.37.0",
      "resolved": "http://registry.npm.taobao.org/mime-db/download/mime-db-1.37.0.tgz"
    },
    "mime-types": {
      "version": "2.1.21",
      "resolved": "http://registry.npm.taobao.org/mime-types/download/mime-types-2.1.21.tgz",
      "integrity": "sha1-KJlaoey3cHQv5q5+WPkYHHRLP5Y=",
      "requires": {
        "mime-db": "~1.37.0"
      }
    },
    "mongodb": {
      "version": "3.1.10",
      "resolved": "http://registry.npm.taobao.org/mongodb/download/mongodb-3.1.10.tgz",
      "requires": {
        "mongodb-core": "3.1.9",
        "safe-buffer": "^5.1.2"
      }
    },
    "mongodb-core": {
      "version": "3.1.9",
      "resolved": "http://registry.npm.taobao.org/mongodb-core/download/mongodb-core-3.1.9.tgz",
      "integrity": "sha1-wx7kB7+TKwFJ6u13XBfuCZdOTKM=",
      "requires": {
        "bson": "^1.1.0",
        "require_optional": "^1.0.1",
        "safe-buffer": "^5.1.2",
        "saslprep": "^1.0.0"
      }
    },
    "mongoose": {
      "version": "5.3.16",
      "resolved": "http://registry.npm.taobao.org/mongoose/download/mongoose-5.3.16.tgz",
      "integrity": "sha1-BK8Y6vOfepHjEoXPsYBHiHSHdhE=",
      "requires": {
        "async": "2.6.1",
        "bson": "~1.1.0",
        "kareem": "2.3.0",
        "lodash.get": "4.4.2",
        "mongodb": "3.1.10",
        "mongodb-core": "3.1.9",
        "mongoose-legacy-pluralize": "1.0.2",
        "mpath": "0.5.1",
        "mquery": "3.2.0",
        "ms": "2.0.0",
        "regexp-clone": "0.0.1",
        "safe-buffer": "5.1.2",
        "sliced": "1.0.1"
      }
    },
    "mongoose-legacy-pluralize": {
      "version": "1.0.2",
      "resolved": "http://registry.npm.taobao.org/mongoose-legacy-pluralize/download/mongoose-legacy-pluralize-1.0.2.tgz"
    },
    "mpath": {
      "version": "0.5.1",
      "resolved": "http://registry.npm.taobao.org/mpath/download/mpath-0.5.1.tgz",
      "integrity": "sha1-FxMVAfH/nm5PvI/6h1qnBltXdas="
    },
    "mquery": {
      "version": "3.2.0",
      "resolved": "http://registry.npm.taobao.org/mquery/download/mquery-3.2.0.tgz",
      "integrity": "sha1-4nZHKr1RCWhqFesqjgdh24E8gcw=",
      "requires": {
        "bluebird": "3.5.1",
        "debug": "3.1.0",
        "regexp-clone": "0.0.1",
        "safe-buffer": "5.1.2",
        "sliced": "1.0.1"
      }
    },
    "ms": {
      "version": "2.0.0",
      "resolved": "http://registry.npm.taobao.org/ms/download/ms-2.0.0.tgz",
      "integrity": "sha1-VgiurfwAvmwpAd9fmGF4jeDVl8g="
    },
    "mssql": {
      "version": "4.3.0",
      "resolved": "http://registry.npm.taobao.org/mssql/download/mssql-4.3.0.tgz",
      "requires": {
        "debug": "^3.2.6",
        "generic-pool": "^3.4.2",
        "tedious": "^2.7.1"
      },
      "dependencies": {
        "debug": {
          "version": "3.2.6",
          "resolved": "http://registry.npm.taobao.org/debug/download/debug-3.2.6.tgz",
          "requires": {
            "ms": "^2.1.1"
          },
          "dependencies": {
            "ms": {
              "version": "2.1.1",
              "bundled": true
            }
          }
        },
        "ms": {
          "version": "2.1.1",
          "bundled": true
        }
      }
    },
    "mysql": {
      "version": "2.16.0",
      "resolved": "http://registry.npm.taobao.org/mysql/download/mysql-2.16.0.tgz",
      "integrity": "sha1-sjsiq13kT8LV0yvU9a9mU/xF4ro=",
      "requires": {
        "bignumber.js": "4.1.0",
        "readable-stream": "2.3.6",
        "safe-buffer": "5.1.2",
        "sqlstring": "2.3.1"
      }
    },
    "mz": {
      "version": "2.7.0",
      "resolved": "http://registry.npm.taobao.org/mz/download/mz-2.7.0.tgz",
      "requires": {
        "any-promise": "^1.0.0",
        "object-assign": "^4.0.1",
        "thenify-all": "^1.0.0"
      }
    },
    "native-duplexpair": {
      "version": "1.0.0",
      "resolved": "http://registry.npm.taobao.org/native-duplexpair/download/native-duplexpair-1.0.0.tgz"
    },
    "negotiator": {
      "version": "0.6.1",
      "resolved": "http://registry.npm.taobao.org/negotiator/download/negotiator-0.6.1.tgz"
    },
    "object-assign": {
      "version": "4.1.1",
      "resolved": "http://registry.npm.taobao.org/object-assign/download/object-assign-4.1.1.tgz",
      "integrity": "sha1-IQmtx5ZYh8/AXLvUQsrIv7s2CGM="
    },
    "on-finished": {
      "version": "2.3.0",
      "resolved": "http://registry.npm.taobao.org/on-finished/download/on-finished-2.3.0.tgz",
      "requires": {
        "ee-first": "1.1.1"
      }
    },
    "only": {
      "version": "0.0.2",
      "resolved": "http://registry.npm.taobao.org/only/download/only-0.0.2.tgz",
      "integrity": "sha1-Kv3oTQPlC5qO3EROMGEKcCle37Q="
    },
    "parseurl": {
      "version": "1.3.2",
      "resolved": "http://registry.npm.taobao.org/parseurl/download/parseurl-1.3.2.tgz"
    },
    "passport": {
      "version": "0.4.0",
      "resolved": "http://registry.npm.taobao.org/passport/download/passport-0.4.0.tgz",
      "requires": {
        "passport-strategy": "1.x.x",
        "pause": "0.0.1"
      }
    },
    "passport-jwt": {
      "version": "4.0.0",
      "resolved": "http://registry.npm.taobao.org/passport-jwt/download/passport-jwt-4.0.0.tgz",
      "requires": {
        "jsonwebtoken": "^8.2.0",
        "passport-strategy": "^1.0.0"
      }
    },
    "passport-strategy": {
      "version": "1.0.0",
      "resolved": "http://registry.npm.taobao.org/passport-strategy/download/passport-strategy-1.0.0.tgz",
      "integrity": "sha1-tVOaqPwiWj0a0XlHbd8ja0QPUuQ="
    },
    "path-is-absolute": {
      "version": "1.0.1",
      "resolved": "http://registry.npm.taobao.org/path-is-absolute/download/path-is-absolute-1.0.1.tgz",
      "integrity": "sha1-F0uSaHNVNP+8es5r9TpanhtcX18="
    },
    "path-to-regexp": {
      "version": "1.7.0",
      "resolved": "http://registry.npm.taobao.org/path-to-regexp/download/path-to-regexp-1.7.0.tgz",
      "requires": {
        "isarray": "0.0.1"
      }
    },
    "pause": {
      "version": "0.0.1",
      "resolved": "http://registry.npm.taobao.org/pause/download/pause-0.0.1.tgz"
    },
    "process-nextick-args": {
      "version": "2.0.0",
      "resolved": "http://registry.npm.taobao.org/process-nextick-args/download/process-nextick-args-2.0.0.tgz",
      "integrity": "sha1-o31zL0JxtKsa0HDTVQjoKQeI/6o="
    },
    "punycode": {
      "version": "2.1.1",
      "resolved": "http://registry.npm.taobao.org/punycode/download/punycode-2.1.1.tgz",
      "integrity": "sha1-tYsBCsQMIsVldhbI0sLALHv0eew="
    },
    "qs": {
      "version": "6.6.0",
      "resolved": "http://registry.npm.taobao.org/qs/download/qs-6.6.0.tgz",
      "integrity": "sha1-qZwPaajSa/fvAS+HHNq7Cu5EJMI="
    },
    "raw-body": {
      "version": "2.3.3",
      "resolved": "http://registry.npm.taobao.org/raw-body/download/raw-body-2.3.3.tgz",
      "integrity": "sha1-GzJOzmtXBuFThVvBFIxlu39uoMM=",
      "requires": {
        "bytes": "3.0.0",
        "http-errors": "1.6.3",
        "iconv-lite": "0.4.23",
        "unpipe": "1.0.0"
      },
      "dependencies": {
        "http-errors": {
          "version": "1.6.3",
          "resolved": "http://registry.npm.taobao.org/http-errors/download/http-errors-1.6.3.tgz",
          "integrity": "sha1-i1VoC7S+KDoLW/TqLjhYC+HZMg0=",
          "requires": {
            "depd": "~1.1.2",
            "inherits": "2.0.3",
            "setprototypeof": "1.1.0",
            "statuses": ">= 1.4.0 < 2"
          }
        }
      }
    },
    "readable-stream": {
      "version": "2.3.6",
      "resolved": "http://registry.npm.taobao.org/readable-stream/download/readable-stream-2.3.6.tgz",
      "integrity": "sha1-sRwn2IuP8fvgcGQ8+UsMea4bCq8=",
      "requires": {
        "core-util-is": "~1.0.0",
        "inherits": "~2.0.3",
        "isarray": "~1.0.0",
        "process-nextick-args": "~2.0.0",
        "safe-buffer": "~5.1.1",
        "string_decoder": "~1.1.1",
        "util-deprecate": "~1.0.1"
      },
      "dependencies": {
        "isarray": {
          "version": "1.0.0",
          "resolved": "http://registry.npm.taobao.org/isarray/download/isarray-1.0.0.tgz",
          "integrity": "sha1-u5NdSFgsuhaMBoNJV6VKPgcSTxE="
        }
      }
    },
    "regenerator-runtime": {
      "version": "0.11.1",
      "resolved": "http://registry.npm.taobao.org/regenerator-runtime/download/regenerator-runtime-0.11.1.tgz"
    },
    "regexp-clone": {
      "version": "0.0.1",
      "resolved": "http://registry.npm.taobao.org/regexp-clone/download/regexp-clone-0.0.1.tgz"
    },
    "require_optional": {
      "version": "1.0.1",
      "resolved": "http://registry.npm.taobao.org/require_optional/download/require_optional-1.0.1.tgz",
      "requires": {
        "resolve-from": "^2.0.0",
        "semver": "^5.1.0"
      }
    },
    "resolve-from": {
      "version": "2.0.0",
      "resolved": "http://registry.npm.taobao.org/resolve-from/download/resolve-from-2.0.0.tgz"
    },
    "resolve-path": {
      "version": "1.4.0",
      "resolved": "http://registry.npm.taobao.org/resolve-path/download/resolve-path-1.4.0.tgz",
      "requires": {
        "http-errors": "~1.6.2",
        "path-is-absolute": "1.0.1"
      },
      "dependencies": {
        "http-errors": {
          "version": "1.6.3",
          "resolved": "http://registry.npm.taobao.org/http-errors/download/http-errors-1.6.3.tgz",
          "requires": {
            "depd": "~1.1.2",
            "inherits": "2.0.3",
            "setprototypeof": "1.1.0",
            "statuses": ">= 1.4.0 < 2"
          },
          "dependencies": {
            "depd": {
              "version": "1.1.2",
              "bundled": true
            },
            "inherits": {
              "version": "2.0.3",
              "bundled": true
            },
            "setprototypeof": {
              "version": "1.1.0",
              "bundled": true
            },
            "statuses": {
              "version": "1.5.0",
              "bundled": true
            }
          }
        }
      }
    },
    "safe-buffer": {
      "version": "5.1.2",
      "resolved": "http://registry.npm.taobao.org/safe-buffer/download/safe-buffer-5.1.2.tgz"
    },
    "safer-buffer": {
      "version": "2.1.2",
      "resolved": "http://registry.npm.taobao.org/safer-buffer/download/safer-buffer-2.1.2.tgz"
    },
    "saslprep": {
      "version": "1.0.2",
      "resolved": "http://registry.npm.taobao.org/saslprep/download/saslprep-1.0.2.tgz",
      "integrity": "sha1-2lq5NubqC7rpEf/sd1NL43DJ9S0=",
      "optional": true,
      "requires": {
        "sparse-bitfield": "^3.0.3"
      }
    },
    "sax": {
      "version": "1.2.4",
      "resolved": "http://registry.npm.taobao.org/sax/download/sax-1.2.4.tgz"
    },
    "semver": {
      "version": "5.6.0",
      "resolved": "http://registry.npm.taobao.org/semver/download/semver-5.6.0.tgz",
      "integrity": "sha1-fnQlb7qknHWqfHogXMInmcrIAAQ="
    },
    "setprototypeof": {
      "version": "1.1.0",
      "resolved": "http://registry.npm.taobao.org/setprototypeof/download/setprototypeof-1.1.0.tgz",
      "integrity": "sha1-0L2FU2iHtv58DYGMuWLZ2RxU5lY="
    },
    "sliced": {
      "version": "1.0.1",
      "resolved": "http://registry.npm.taobao.org/sliced/download/sliced-1.0.1.tgz"
    },
    "sparse-bitfield": {
      "version": "3.0.3",
      "resolved": "http://registry.npm.taobao.org/sparse-bitfield/download/sparse-bitfield-3.0.3.tgz",
      "integrity": "sha1-/0rm5oZWBWuks+eSqzM004JzyhE=",
      "optional": true,
      "requires": {
        "memory-pager": "^1.0.2"
      }
    },
    "sprintf-js": {
      "version": "1.1.2",
      "resolved": "http://registry.npm.taobao.org/sprintf-js/download/sprintf-js-1.1.2.tgz",
      "integrity": "sha1-2hdlJiv4wPVxdJ8q1sJjACB65nM="
    },
    "sqlstring": {
      "version": "2.3.1",
      "resolved": "http://registry.npm.taobao.org/sqlstring/download/sqlstring-2.3.1.tgz"
    },
    "statuses": {
      "version": "1.5.0",
      "resolved": "http://registry.npm.taobao.org/statuses/download/statuses-1.5.0.tgz"
    },
    "string_decoder": {
      "version": "1.1.1",
      "resolved": "http://registry.npm.taobao.org/string_decoder/download/string_decoder-1.1.1.tgz",
      "requires": {
        "safe-buffer": "~5.1.0"
      }
    },
    "tedious": {
      "version": "2.7.1",
      "resolved": "http://registry.npm.taobao.org/tedious/download/tedious-2.7.1.tgz",
      "requires": {
        "babel-runtime": "^6.26.0",
        "big-number": "0.3.1",
        "bl": "^1.2.2",
        "depd": "^1.1.2",
        "iconv-lite": "^0.4.23",
        "native-duplexpair": "^1.0.0",
        "punycode": "^2.1.0",
        "readable-stream": "^2.3.6",
        "sprintf-js": "^1.1.1"
      }
    },
    "thenify": {
      "version": "3.3.0",
      "resolved": "http://registry.npm.taobao.org/thenify/download/thenify-3.3.0.tgz",
      "integrity": "sha1-5p44obq+lpsBCCB5eLn2K4hgSDk=",
      "requires": {
        "any-promise": "^1.0.0"
      }
    },
    "thenify-all": {
      "version": "1.6.0",
      "resolved": "http://registry.npm.taobao.org/thenify-all/download/thenify-all-1.6.0.tgz",
      "integrity": "sha1-GhkY1ALY/D+Y+/I02wvMjMEOlyY=",
      "requires": {
        "thenify": ">= 3.1.0 < 4"
      }
    },
    "toidentifier": {
      "version": "1.0.0",
      "resolved": "http://registry.npm.taobao.org/toidentifier/download/toidentifier-1.0.0.tgz"
    },
    "type-is": {
      "version": "1.6.16",
      "resolved": "http://registry.npm.taobao.org/type-is/download/type-is-1.6.16.tgz",
      "requires": {
        "media-typer": "0.3.0",
        "mime-types": "~2.1.18"
      }
    },
    "unpipe": {
      "version": "1.0.0",
      "resolved": "http://registry.npm.taobao.org/unpipe/download/unpipe-1.0.0.tgz",
      "integrity": "sha1-sr9O6FFKrmFltIF4KdIbLvSZBOw="
    },
    "urijs": {
      "version": "1.19.1",
      "resolved": "http://registry.npm.taobao.org/urijs/download/urijs-1.19.1.tgz",
      "integrity": "sha1-Ww/1MMDL3oOG9jQiNbpcpumV0lo="
    },
    "util-deprecate": {
      "version": "1.0.2",
      "resolved": "http://registry.npm.taobao.org/util-deprecate/download/util-deprecate-1.0.2.tgz",
      "integrity": "sha1-RQ1Nyfpw3nMnYvvS1KKJgUGaDM8="
    },
    "validator": {
      "version": "10.9.0",
      "resolved": "http://registry.npm.taobao.org/validator/download/validator-10.9.0.tgz",
      "integrity": "sha1-0QwRZztQYft8z0wRFEEkEbK6wqg="
    },
    "vary": {
      "version": "1.1.2",
      "resolved": "http://registry.npm.taobao.org/vary/download/vary-1.1.2.tgz"
    },
    "xml2js": {
      "version": "0.4.19",
      "resolved": "http://registry.npm.taobao.org/xml2js/download/xml2js-0.4.19.tgz",
      "integrity": "sha1-aGwg8hMgnpSr8NG88e+qKRx4J6c=",
      "requires": {
        "sax": ">=0.6.0",
        "xmlbuilder": "~9.0.1"
      }
    },
    "xmlbuilder": {
      "version": "9.0.7",
      "resolved": "http://registry.npm.taobao.org/xmlbuilder/download/xmlbuilder-9.0.7.tgz",
      "integrity": "sha1-Ey7mPS7FVlxVfiD0wi35rKaGsQ0="
    },
    "ylru": {
      "version": "1.2.1",
      "resolved": "http://registry.npm.taobao.org/ylru/download/ylru-1.2.1.tgz"
    }
  }
}
